
Microsoft Visual Studio Solution File, Format Version 12.00
# Visual Studio 15
VisualStudioVersion = 15.0.27130.2027
MinimumVisualStudioVersion = 10.0.40219.1
Project("{FAE04EC0-301F-11D3-BF4B-00C04F79EFBC}") = "vgoyun.dal", "vgoyun.dal\vgoyun.dal.csproj", "{3E9A7E21-9AAB-4EAD-9A81-4CA9A7D4886C}"
EndProject
Project("{FAE04EC0-301F-11D3-BF4B-00C04F79EFBC}") = "vgoyun.idal", "vgoyun.idal\vgoyun.idal.csproj", "{5A043A04-DBA8-424B-92D9-EBED6EAE8E22}"
EndProject
Project("{FAE04EC0-301F-11D3-BF4B-00C04F79EFBC}") = "vgoyun.web", "vgoyun.web\vgoyun.web.csproj", "{79E3BB72-D3FE-4B4A-96A6-176B625677D9}"
EndProject
Project("{FAE04EC0-301F-11D3-BF4B-00C04F79EFBC}") = "vgoyun.common", "vgoyun.common\vgoyun.common.csproj", "{08950D47-78F6-4AC0-8DA9-448AD1F8EDD6}"
EndProject
Project("{2150E333-8FDC-42A3-9474-1A3956D46DE8}") = "Solution Items", "Solution Items", "{B8151683-57E2-4BE0-AC0A-032CE84E9ACB}"
	ProjectSection(SolutionItems) = preProject
		Solution Items\GlobalAssemblyInfo.cs = Solution Items\GlobalAssemblyInfo.cs
	EndProjectSection
EndProject
Global
	GlobalSection(SolutionConfigurationPlatforms) = preSolution
		Debug|Any CPU = Debug|Any CPU
		Release|Any CPU = Release|Any CPU
	EndGlobalSection
	GlobalSection(ProjectConfigurationPlatforms) = postSolution
		{3E9A7E21-9AAB-4EAD-9A81-4CA9A7D4886C}.Debug|Any CPU.ActiveCfg = Debug|Any CPU
		{3E9A7E21-9AAB-4EAD-9A81-4CA9A7D4886C}.Debug|Any CPU.Build.0 = Debug|Any CPU
		{3E9A7E21-9AAB-4EAD-9A81-4CA9A7D4886C}.Release|Any CPU.ActiveCfg = Release|Any CPU
		{3E9A7E21-9AAB-4EAD-9A81-4CA9A7D4886C}.Release|Any CPU.Build.0 = Release|Any CPU
		{5A043A04-DBA8-424B-92D9-EBED6EAE8E22}.Debug|Any CPU.ActiveCfg = Debug|Any CPU
		{5A043A04-DBA8-424B-92D9-EBED6EAE8E22}.Debug|Any CPU.Build.0 = Debug|Any CPU
		{5A043A04-DBA8-424B-92D9-EBED6EAE8E22}.Release|Any CPU.ActiveCfg = Release|Any CPU
		{5A043A04-DBA8-424B-92D9-EBED6EAE8E22}.Release|Any CPU.Build.0 = Release|Any CPU
		{79E3BB72-D3FE-4B4A-96A6-176B625677D9}.Debug|Any CPU.ActiveCfg = Debug|Any CPU
		{79E3BB72-D3FE-4B4A-96A6-176B625677D9}.Debug|Any CPU.Build.0 = Debug|Any CPU
		{79E3BB72-D3FE-4B4A-96A6-176B625677D9}.Release|Any CPU.ActiveCfg = Release|Any CPU
		{79E3BB72-D3FE-4B4A-96A6-176B625677D9}.Release|Any CPU.Build.0 = Release|Any CPU
		{08950D47-78F6-4AC0-8DA9-448AD1F8EDD6}.Debug|Any CPU.ActiveCfg = Debug|Any CPU
		{08950D47-78F6-4AC0-8DA9-448AD1F8EDD6}.Debug|Any CPU.Build.0 = Debug|Any CPU
		{08950D47-78F6-4AC0-8DA9-448AD1F8EDD6}.Release|Any CPU.ActiveCfg = Release|Any CPU
		{08950D47-78F6-4AC0-8DA9-448AD1F8EDD6}.Release|Any CPU.Build.0 = Release|Any CPU
	EndGlobalSection
	GlobalSection(SolutionProperties) = preSolution
		HideSolutionNode = FALSE
	EndGlobalSection
	GlobalSection(ExtensibilityGlobals) = postSolution
		SolutionGuid = {7A9411C4-606B-4E69-A23C-602FAE39C04C}
	EndGlobalSection
EndGlobal
